
Microsoft Visual Studio Solution File, Format Version 12.00
# Visual Studio Version 16
VisualStudioVersion = 16.0.31205.134
MinimumVisualStudioVersion = 10.0.40219.1
Project("{FAE04EC0-301F-11D3-BF4B-00C04F79EFBC}") = "TaskPlanner", "TaskPlanner\TaskPlanner.csproj", "{8D719B78-8B93-4B25-A3E7-4C0C1C3B4149}"
EndProject
Global
	GlobalSection(SolutionConfigurationPlatforms) = preSolution
		Debug|Any CPU = Debug|Any CPU
		Release|Any CPU = Release|Any CPU
	EndGlobalSection
	GlobalSection(ProjectConfigurationPlatforms) = postSolution
		{8D719B78-8B93-4B25-A3E7-4C0C1C3B4149}.Debug|Any CPU.ActiveCfg = Debug|Any CPU
		{8D719B78-8B93-4B25-A3E7-4C0C1C3B4149}.Debug|Any CPU.Build.0 = Debug|Any CPU
		{8D719B78-8B93-4B25-A3E7-4C0C1C3B4149}.Release|Any CPU.ActiveCfg = Release|Any CPU
		{8D719B78-8B93-4B25-A3E7-4C0C1C3B4149}.Release|Any CPU.Build.0 = Release|Any CPU
	EndGlobalSection
	GlobalSection(SolutionProperties) = preSolution
		HideSolutionNode = FALSE
	EndGlobalSection
	GlobalSection(ExtensibilityGlobals) = postSolution
		SolutionGuid = {61D9412C-2FE5-4E14-87A5-64E833032C8A}
	EndGlobalSection
EndGlobal
